
Microsoft Visual Studio Solution File, Format Version 12.00
# Visual Studio Version 16
VisualStudioVersion = 16.0.30804.86
MinimumVisualStudioVersion = 10.0.40219.1
Project("{FAE04EC0-301F-11D3-BF4B-00C04F79EFBC}") = "mouseMoveCalculation", "mouseMoveCalculation\mouseMoveCalculation.csproj", "{1B827C6E-F19D-43B6-BF2E-FCEE26050DF3}"
EndProject
Global
	GlobalSection(SolutionConfigurationPlatforms) = preSolution
		Debug|Any CPU = Debug|Any CPU
		Release|Any CPU = Release|Any CPU
	EndGlobalSection
	GlobalSection(ProjectConfigurationPlatforms) = postSolution
		{1B827C6E-F19D-43B6-BF2E-FCEE26050DF3}.Debug|Any CPU.ActiveCfg = Debug|Any CPU
		{1B827C6E-F19D-43B6-BF2E-FCEE26050DF3}.Debug|Any CPU.Build.0 = Debug|Any CPU
		{1B827C6E-F19D-43B6-BF2E-FCEE26050DF3}.Release|Any CPU.ActiveCfg = Release|Any CPU
		{1B827C6E-F19D-43B6-BF2E-FCEE26050DF3}.Release|Any CPU.Build.0 = Release|Any CPU
	EndGlobalSection
	GlobalSection(SolutionProperties) = preSolution
		HideSolutionNode = FALSE
	EndGlobalSection
	GlobalSection(ExtensibilityGlobals) = postSolution
		SolutionGuid = {3B5201FC-B896-491A-87E0-3FA26DB6486F}
	EndGlobalSection
EndGlobal
